
Microsoft Visual Studio Solution File, Format Version 12.00
# Visual Studio Version 17
VisualStudioVersion = 17.14.36429.23 d17.14
MinimumVisualStudioVersion = 10.0.40219.1
Project("{FAE04EC0-301F-11D3-BF4B-00C04F79EFBC}") = "Eigen Website", "Eigen Website.csproj", "{82BBA465-1200-4196-BB0C-F3C06F133E7D}"
EndProject
Global
	GlobalSection(SolutionConfigurationPlatforms) = preSolution
		Debug|Any CPU = Debug|Any CPU
		Release|Any CPU = Release|Any CPU
	EndGlobalSection
	GlobalSection(ProjectConfigurationPlatforms) = postSolution
		{82BBA465-1200-4196-BB0C-F3C06F133E7D}.Debug|Any CPU.ActiveCfg = Debug|Any CPU
		{82BBA465-1200-4196-BB0C-F3C06F133E7D}.Debug|Any CPU.Build.0 = Debug|Any CPU
		{82BBA465-1200-4196-BB0C-F3C06F133E7D}.Release|Any CPU.ActiveCfg = Release|Any CPU
		{82BBA465-1200-4196-BB0C-F3C06F133E7D}.Release|Any CPU.Build.0 = Release|Any CPU
	EndGlobalSection
	GlobalSection(SolutionProperties) = preSolution
		HideSolutionNode = FALSE
	EndGlobalSection
	GlobalSection(ExtensibilityGlobals) = postSolution
		SolutionGuid = {33BEC6B2-9A63-4E79-BB18-45862FE43F50}
	EndGlobalSection
EndGlobal
